
Microsoft Visual Studio Solution File, Format Version 12.00
# Visual Studio Version 17
VisualStudioVersion = 17.2.32314.265
MinimumVisualStudioVersion = 10.0.40219.1
Project("{FAE04EC0-301F-11D3-BF4B-00C04F79EFBC}") = "SomeBaseClasses", "SomeBaseClasses\SomeBaseClasses.csproj", "{471BE743-3C64-4886-9F46-BB24A696C3C9}"
EndProject
Project("{FAE04EC0-301F-11D3-BF4B-00C04F79EFBC}") = "SomeClasses", "SomeClasses\SomeClasses.csproj", "{2D1BDC5A-21C9-4B9B-B7EF-048392659A99}"
EndProject
Project("{FAE04EC0-301F-11D3-BF4B-00C04F79EFBC}") = "ConsoleApp1", "ConsoleApp1\ConsoleApp1.csproj", "{C1C37DE9-B576-4512-ABC6-04AE69EA620D}"
EndProject
Global
	GlobalSection(SolutionConfigurationPlatforms) = preSolution
		Debug|Any CPU = Debug|Any CPU
		Release|Any CPU = Release|Any CPU
	EndGlobalSection
	GlobalSection(ProjectConfigurationPlatforms) = postSolution
		{471BE743-3C64-4886-9F46-BB24A696C3C9}.Debug|Any CPU.ActiveCfg = Debug|Any CPU
		{471BE743-3C64-4886-9F46-BB24A696C3C9}.Debug|Any CPU.Build.0 = Debug|Any CPU
		{471BE743-3C64-4886-9F46-BB24A696C3C9}.Release|Any CPU.ActiveCfg = Release|Any CPU
		{471BE743-3C64-4886-9F46-BB24A696C3C9}.Release|Any CPU.Build.0 = Release|Any CPU
		{2D1BDC5A-21C9-4B9B-B7EF-048392659A99}.Debug|Any CPU.ActiveCfg = Debug|Any CPU
		{2D1BDC5A-21C9-4B9B-B7EF-048392659A99}.Debug|Any CPU.Build.0 = Debug|Any CPU
		{2D1BDC5A-21C9-4B9B-B7EF-048392659A99}.Release|Any CPU.ActiveCfg = Release|Any CPU
		{2D1BDC5A-21C9-4B9B-B7EF-048392659A99}.Release|Any CPU.Build.0 = Release|Any CPU
		{C1C37DE9-B576-4512-ABC6-04AE69EA620D}.Debug|Any CPU.ActiveCfg = Debug|Any CPU
		{C1C37DE9-B576-4512-ABC6-04AE69EA620D}.Debug|Any CPU.Build.0 = Debug|Any CPU
		{C1C37DE9-B576-4512-ABC6-04AE69EA620D}.Release|Any CPU.ActiveCfg = Release|Any CPU
		{C1C37DE9-B576-4512-ABC6-04AE69EA620D}.Release|Any CPU.Build.0 = Release|Any CPU
	EndGlobalSection
	GlobalSection(SolutionProperties) = preSolution
		HideSolutionNode = FALSE
	EndGlobalSection
	GlobalSection(ExtensibilityGlobals) = postSolution
		SolutionGuid = {F4CA5BCC-14B0-44A0-AE61-FDF88166AA16}
	EndGlobalSection
EndGlobal
